
Microsoft Visual Studio Solution File, Format Version 12.00
# Visual Studio 15
VisualStudioVersion = 15.0.28307.1525
MinimumVisualStudioVersion = 10.0.40219.1
Project("{FAE04EC0-301F-11D3-BF4B-00C04F79EFBC}") = "HearthstoneCLI", "HearthstoneCLI.csproj", "{03222B5D-FFE5-4780-A4AF-917CDC41B4CF}"
EndProject
Project("{54435603-DBB4-11D2-8724-00A0C9A8B90C}") = "Installer", "Installer\Installer.vdproj", "{FB51591D-ACE4-4F60-BDCF-FDFC73A39CBD}"
EndProject
Global
	GlobalSection(SolutionConfigurationPlatforms) = preSolution
		Debug|Any CPU = Debug|Any CPU
		Release|Any CPU = Release|Any CPU
	EndGlobalSection
	GlobalSection(ProjectConfigurationPlatforms) = postSolution
		{03222B5D-FFE5-4780-A4AF-917CDC41B4CF}.Debug|Any CPU.ActiveCfg = Debug|Any CPU
		{03222B5D-FFE5-4780-A4AF-917CDC41B4CF}.Debug|Any CPU.Build.0 = Debug|Any CPU
		{03222B5D-FFE5-4780-A4AF-917CDC41B4CF}.Release|Any CPU.ActiveCfg = Release|Any CPU
		{03222B5D-FFE5-4780-A4AF-917CDC41B4CF}.Release|Any CPU.Build.0 = Release|Any CPU
		{FB51591D-ACE4-4F60-BDCF-FDFC73A39CBD}.Debug|Any CPU.ActiveCfg = Debug
		{FB51591D-ACE4-4F60-BDCF-FDFC73A39CBD}.Release|Any CPU.ActiveCfg = Release
	EndGlobalSection
	GlobalSection(SolutionProperties) = preSolution
		HideSolutionNode = FALSE
	EndGlobalSection
	GlobalSection(ExtensibilityGlobals) = postSolution
		SolutionGuid = {EB2C1700-3138-4A97-98B7-BC69FF0286B9}
	EndGlobalSection
EndGlobal
